
Microsoft Visual Studio Solution File, Format Version 12.00
# Visual Studio Version 17
VisualStudioVersion = 17.5.002.0
MinimumVisualStudioVersion = 10.0.40219.1
Project("{9A19103F-16F7-4668-BE54-9A1E7A4F7556}") = "Final", "Final\Final.csproj", "{5CFF4FED-CDC7-4E4E-B5FF-AF2E6E871D29}"
EndProject
Global
	GlobalSection(SolutionConfigurationPlatforms) = preSolution
		Debug|Any CPU = Debug|Any CPU
		Release|Any CPU = Release|Any CPU
	EndGlobalSection
	GlobalSection(ProjectConfigurationPlatforms) = postSolution
		{5CFF4FED-CDC7-4E4E-B5FF-AF2E6E871D29}.Debug|Any CPU.ActiveCfg = Debug|Any CPU
		{5CFF4FED-CDC7-4E4E-B5FF-AF2E6E871D29}.Debug|Any CPU.Build.0 = Debug|Any CPU
		{5CFF4FED-CDC7-4E4E-B5FF-AF2E6E871D29}.Release|Any CPU.ActiveCfg = Release|Any CPU
		{5CFF4FED-CDC7-4E4E-B5FF-AF2E6E871D29}.Release|Any CPU.Build.0 = Release|Any CPU
	EndGlobalSection
	GlobalSection(SolutionProperties) = preSolution
		HideSolutionNode = FALSE
	EndGlobalSection
	GlobalSection(ExtensibilityGlobals) = postSolution
		SolutionGuid = {DF37A917-7024-4D98-B3FC-34D440EEFDB6}
	EndGlobalSection
EndGlobal
